<?xml version="1.0" encoding="utf-8"?>
<Project ToolsVersion="4.0" xmlns="http://schemas.microsoft.com/developer/msbuild/2003">
  <ItemGroup>
    <Filter Include="Source">
      <UniqueIdentifier>{4ea80a41-3221-44c0-a10c-907dc0bc0e82}</UniqueIdentifier>
    </Filter>
    <Filter Include="Assets">
      <UniqueIdentifier>{6ffc52d2-e8a8-4f23-a53e-7784b16a6f8d}</UniqueIdentifier>
    </Filter>
    <Filter Include="External">
      <UniqueIdentifier>{ad2e62a7-dc9e-4d3f-9a44-70f1591f9998}</UniqueIdentifier>
    </Filter>
    <Filter Include="Source\Core">
      <UniqueIdentifier>{f8099dba-5d1b-43d5-9f70-3294442ec707}</UniqueIdentifier>
    </Filter>
    <Filter Include="Source\Core\Vector">
      <UniqueIdentifier>{c01e4497-4dd3-428c-8123-743a7a2c3e2a}</UniqueIdentifier>
    </Filter>
    <Filter Include="Source\Core\Base">
      <UniqueIdentifier>{5b5948b3-b7f7-4866-8b5f-d161c58abf1b}</UniqueIdentifier>
    </Filter>
    <Filter Include="Source\Core\Collision">
      <UniqueIdentifier>{15e3f9c7-cf89-47b9-801e-70420b33a941}</UniqueIdentifier>
    </Filter>
    <Filter Include="Source\Utilities">
      <UniqueIdentifier>{418b8bf1-3fce-4c71-aef1-00feb23ec073}</UniqueIdentifier>
    </Filter>
  </ItemGroup>
  <ItemGroup>
    <ClCompile Include="Source/Main.cpp">
      <Filter>Source</Filter>
    </ClCompile>
    <ClCompile Include="Source/Core/Vector/Vector.cpp">
      <Filter>Source\Core\Vector</Filter>
    </ClCompile>
    <ClCompile Include="Source\Core\Base\Transform2D.cpp">
      <Filter>Source\Core\Base</Filter>
    </ClCompile>
    <ClCompile Include="Source/Core/Collision/Collider.cpp">
      <Filter>Source\Core\Collision</Filter>
    </ClCompile>
  </ItemGroup>
  <ItemGroup>
    <ClInclude Include="Source/Core/Vector/Vector.h">
      <Filter>Source\Core\Vector</Filter>
    </ClInclude>
    <ClInclude Include="Source\Core\Base\Transform2D.h">
      <Filter>Source\Core\Base</Filter>
    </ClInclude>
    <ClInclude Include="Source/Core/Collision/Collider.h">
      <Filter>Source\Core\Collision</Filter>
    </ClInclude>
    <ClInclude Include="Source\Utilities\property.h">
      <Filter>Source\Utilities</Filter>
    </ClInclude>
    <ClInclude Include="Source\Utilities\ring_buffer.h">
      <Filter>Source\Utilities</Filter>
    </ClInclude>
    <ClInclude Include="Source\Utilities\memory_release_def.h">
      <Filter>Source\Utilities</Filter>
    </ClInclude>
    <ClInclude Include="Source\Utilities\factory.h">
      <Filter>Source\Utilities</Filter>
    </ClInclude>
    <ClInclude Include="Source\Utilities\pool.h">
      <Filter>Source\Utilities</Filter>
    </ClInclude>
  </ItemGroup>
</Project>